
Microsoft Visual Studio Solution File, Format Version 12.00
# Visual Studio 15
VisualStudioVersion = 15.0.27428.2027
MinimumVisualStudioVersion = 10.0.40219.1
Project("{FAE04EC0-301F-11D3-BF4B-00C04F79EFBC}") = "WeerstationFramework", "WeerstationFramework\WeerstationFramework.csproj", "{2D77BCA8-6916-47B2-8C92-35E65C647FF6}"
EndProject
Global
	GlobalSection(SolutionConfigurationPlatforms) = preSolution
		Debug|Any CPU = Debug|Any CPU
		Release|Any CPU = Release|Any CPU
	EndGlobalSection
	GlobalSection(ProjectConfigurationPlatforms) = postSolution
		{2D77BCA8-6916-47B2-8C92-35E65C647FF6}.Debug|Any CPU.ActiveCfg = Debug|Any CPU
		{2D77BCA8-6916-47B2-8C92-35E65C647FF6}.Debug|Any CPU.Build.0 = Debug|Any CPU
		{2D77BCA8-6916-47B2-8C92-35E65C647FF6}.Release|Any CPU.ActiveCfg = Release|Any CPU
		{2D77BCA8-6916-47B2-8C92-35E65C647FF6}.Release|Any CPU.Build.0 = Release|Any CPU
	EndGlobalSection
	GlobalSection(SolutionProperties) = preSolution
		HideSolutionNode = FALSE
	EndGlobalSection
	GlobalSection(ExtensibilityGlobals) = postSolution
		SolutionGuid = {65BFE21D-3428-4A62-B324-A5A321C31E30}
	EndGlobalSection
EndGlobal
